
Microsoft Visual Studio Solution File, Format Version 12.00
# Visual Studio Version 17
VisualStudioVersion = 17.6.33815.320
MinimumVisualStudioVersion = 10.0.40219.1
Project("{FAE04EC0-301F-11D3-BF4B-00C04F79EFBC}") = "enter_to_sqlite", "enter_to_sqlite\enter_to_sqlite.csproj", "{E2FE73BB-06F4-4E87-90DA-2A8101660A6F}"
EndProject
Global
	GlobalSection(SolutionConfigurationPlatforms) = preSolution
		Debug|Any CPU = Debug|Any CPU
		Release|Any CPU = Release|Any CPU
	EndGlobalSection
	GlobalSection(ProjectConfigurationPlatforms) = postSolution
		{E2FE73BB-06F4-4E87-90DA-2A8101660A6F}.Debug|Any CPU.ActiveCfg = Debug|Any CPU
		{E2FE73BB-06F4-4E87-90DA-2A8101660A6F}.Debug|Any CPU.Build.0 = Debug|Any CPU
		{E2FE73BB-06F4-4E87-90DA-2A8101660A6F}.Release|Any CPU.ActiveCfg = Release|Any CPU
		{E2FE73BB-06F4-4E87-90DA-2A8101660A6F}.Release|Any CPU.Build.0 = Release|Any CPU
	EndGlobalSection
	GlobalSection(SolutionProperties) = preSolution
		HideSolutionNode = FALSE
	EndGlobalSection
	GlobalSection(ExtensibilityGlobals) = postSolution
		SolutionGuid = {682CE8D2-1CF2-43AA-936A-97DBEA32739E}
	EndGlobalSection
EndGlobal
